
Microsoft Visual Studio Solution File, Format Version 12.00
Project("{FAE04EC0-301F-11D3-BF4B-00C04F79EFBC}") = "Blocktrust.CredentialWorkflow.Web", "Blocktrust.CredentialWorkflow.Web\Blocktrust.CredentialWorkflow.Web.csproj", "{22157CB0-54F3-451F-9923-D8233CB3A19F}"
EndProject
Project("{FAE04EC0-301F-11D3-BF4B-00C04F79EFBC}") = "Blocktrust.CredentialWorkflow.Core", "Blocktrust.CredentialWorkflow.Core\Blocktrust.CredentialWorkflow.Core.csproj", "{D8526C48-723C-42DF-8672-7FDAE58A9DF5}"
EndProject
Project("{FAE04EC0-301F-11D3-BF4B-00C04F79EFBC}") = "Blocktrust.CredentialWorkflow.Core.Tests", "Blocktrust.CredentialWorkflow.Core.Tests\Blocktrust.CredentialWorkflow.Core.Tests.csproj", "{FC6EEAA1-4925-4DFF-A3BB-F1CAEE5179F0}"
EndProject
Project("{2150E333-8FDC-42A3-9474-1A3956D46DE8}") = "Tests", "Tests", "{3DDBE0A1-37FA-490A-9FA8-25D3A994BD47}"
EndProject
Global
	GlobalSection(SolutionConfigurationPlatforms) = preSolution
		Debug|Any CPU = Debug|Any CPU
		Release|Any CPU = Release|Any CPU
	EndGlobalSection
	GlobalSection(ProjectConfigurationPlatforms) = postSolution
		{22157CB0-54F3-451F-9923-D8233CB3A19F}.Debug|Any CPU.ActiveCfg = Debug|Any CPU
		{22157CB0-54F3-451F-9923-D8233CB3A19F}.Debug|Any CPU.Build.0 = Debug|Any CPU
		{22157CB0-54F3-451F-9923-D8233CB3A19F}.Release|Any CPU.ActiveCfg = Release|Any CPU
		{22157CB0-54F3-451F-9923-D8233CB3A19F}.Release|Any CPU.Build.0 = Release|Any CPU
		{D8526C48-723C-42DF-8672-7FDAE58A9DF5}.Debug|Any CPU.ActiveCfg = Debug|Any CPU
		{D8526C48-723C-42DF-8672-7FDAE58A9DF5}.Debug|Any CPU.Build.0 = Debug|Any CPU
		{D8526C48-723C-42DF-8672-7FDAE58A9DF5}.Release|Any CPU.ActiveCfg = Release|Any CPU
		{D8526C48-723C-42DF-8672-7FDAE58A9DF5}.Release|Any CPU.Build.0 = Release|Any CPU
		{FC6EEAA1-4925-4DFF-A3BB-F1CAEE5179F0}.Debug|Any CPU.ActiveCfg = Debug|Any CPU
		{FC6EEAA1-4925-4DFF-A3BB-F1CAEE5179F0}.Debug|Any CPU.Build.0 = Debug|Any CPU
		{FC6EEAA1-4925-4DFF-A3BB-F1CAEE5179F0}.Release|Any CPU.ActiveCfg = Release|Any CPU
		{FC6EEAA1-4925-4DFF-A3BB-F1CAEE5179F0}.Release|Any CPU.Build.0 = Release|Any CPU
	EndGlobalSection
	GlobalSection(NestedProjects) = preSolution
		{FC6EEAA1-4925-4DFF-A3BB-F1CAEE5179F0} = {3DDBE0A1-37FA-490A-9FA8-25D3A994BD47}
	EndGlobalSection
EndGlobal
