
Microsoft Visual Studio Solution File, Format Version 12.00
Project("{FAE04EC0-301F-11D3-BF4B-00C04F79EFBC}") = "Blocktrust.CredentialWorkflow.Web", "Blocktrust.CredentialWorkflow.Web\Blocktrust.CredentialWorkflow.Web.csproj", "{22157CB0-54F3-451F-9923-D8233CB3A19F}"
EndProject
Project("{FAE04EC0-301F-11D3-BF4B-00C04F79EFBC}") = "Blocktrust.CredentialWorkflow.Core", "Blocktrust.CredentialWorkflow.Core\Blocktrust.CredentialWorkflow.Core.csproj", "{D8526C48-723C-42DF-8672-7FDAE58A9DF5}"
EndProject
Project("{FAE04EC0-301F-11D3-BF4B-00C04F79EFBC}") = "Blocktrust.CredentialWorkflow.Core.Tests", "Blocktrust.CredentialWorkflow.Core.Tests\Blocktrust.CredentialWorkflow.Core.Tests.csproj", "{FC6EEAA1-4925-4DFF-A3BB-F1CAEE5179F0}"
EndProject
Project("{2150E333-8FDC-42A3-9474-1A3956D46DE8}") = "Tests", "Tests", "{3DDBE0A1-37FA-490A-9FA8-25D3A994BD47}"
EndProject
Project("{FAE04EC0-301F-11D3-BF4B-00C04F79EFBC}") = "Blocktrust.VerifiableCredential", "Blocktrust.VerifiableCredential\Blocktrust.VerifiableCredential.csproj", "{8E350144-04AA-4153-A6DE-92FAC7F356C9}"
EndProject
Project("{FAE04EC0-301F-11D3-BF4B-00C04F79EFBC}") = "Blocktrust.PeerDID", "..\blocktrust.PeerDID\Blocktrust.PeerDID\Blocktrust.PeerDID.csproj", "{144CC0A7-8A6B-498C-B757-E3209C03FA8B}"
EndProject
Project("{FAE04EC0-301F-11D3-BF4B-00C04F79EFBC}") = "Blocktrust.Common", "..\blocktrust.Core\Blocktrust.Common\Blocktrust.Common.csproj", "{E2525527-178B-4BB4-959F-C5F7390DC581}"
EndProject
Project("{FAE04EC0-301F-11D3-BF4B-00C04F79EFBC}") = "Blocktrust.Common.Tests", "..\blocktrust.Core\Blocktrust.Common.Tests\Blocktrust.Common.Tests.csproj", "{4C9A5065-AF78-4096-8757-3D0FF8F6A6DF}"
EndProject
Project("{FAE04EC0-301F-11D3-BF4B-00C04F79EFBC}") = "Blocktrust.PeerDID.Tests", "..\blocktrust.PeerDID\Blocktrust.PeerDID.Tests\Blocktrust.PeerDID.Tests.csproj", "{90AE6C32-C1CB-4B15-A40D-1FECFBD58743}"
EndProject
Project("{FAE04EC0-301F-11D3-BF4B-00C04F79EFBC}") = "Blocktrust.DIDComm", "..\blocktrust.DIDComm\Blocktrust.DIDComm\Blocktrust.DIDComm.csproj", "{E1007A16-390D-418C-81BA-9AFCED84E76A}"
EndProject
Project("{FAE04EC0-301F-11D3-BF4B-00C04F79EFBC}") = "Blocktrust.DIDComm.Tests", "..\blocktrust.DIDComm\Blocktrust.DIDComm.Tests\Blocktrust.DIDComm.Tests.csproj", "{183882C9-7DDB-4A91-BAB2-465277A2BE59}"
EndProject
Project("{FAE04EC0-301F-11D3-BF4B-00C04F79EFBC}") = "Blocktrust.Mediator.Client", "..\blocktrust.Mediator\Blocktrust.Mediator.Client\Blocktrust.Mediator.Client.csproj", "{C08FDBC0-BE17-4E9A-BECE-69CD824BE38E}"
EndProject
Project("{FAE04EC0-301F-11D3-BF4B-00C04F79EFBC}") = "Blocktrust.Mediator.Client.BlocktrustMediatorIntegrationTests", "..\blocktrust.Mediator\Blocktrust.Mediator.Client.BlocktrustMediatorIntegrationTests\Blocktrust.Mediator.Client.BlocktrustMediatorIntegrationTests.csproj", "{9F83D1BC-278B-4ECD-B68E-E333E56001B4}"
EndProject
Project("{FAE04EC0-301F-11D3-BF4B-00C04F79EFBC}") = "Blocktrust.Mediator.Client.PrismAgentIntegrationTests", "..\blocktrust.Mediator\Blocktrust.Mediator.Client.PrismAgentIntegrationTests\Blocktrust.Mediator.Client.PrismAgentIntegrationTests.csproj", "{71F015F0-D1C3-403D-8343-D6BC4392BF45}"
EndProject
Project("{FAE04EC0-301F-11D3-BF4B-00C04F79EFBC}") = "Blocktrust.Mediator.Client.PrismMediatorIntegrationTests", "..\blocktrust.Mediator\Blocktrust.Mediator.Client.PrismMediatorIntegrationTests\Blocktrust.Mediator.Client.PrismMediatorIntegrationTests.csproj", "{F1322778-6BF9-45C7-9897-7D01802D35DB}"
EndProject
Project("{FAE04EC0-301F-11D3-BF4B-00C04F79EFBC}") = "Blocktrust.Mediator.Client.Tests", "..\blocktrust.Mediator\Blocktrust.Mediator.Client.Tests\Blocktrust.Mediator.Client.Tests.csproj", "{013DF699-64DB-432E-B463-ED95362E4E0E}"
EndProject
Project("{FAE04EC0-301F-11D3-BF4B-00C04F79EFBC}") = "Blocktrust.Mediator.Common", "..\blocktrust.Mediator\Blocktrust.Mediator.Common\Blocktrust.Mediator.Common.csproj", "{708624B1-8E8B-42B9-9D1D-876D1ED3C109}"
EndProject
Project("{FAE04EC0-301F-11D3-BF4B-00C04F79EFBC}") = "Blocktrust.Mediator.Common.Tests", "..\blocktrust.Mediator\Blocktrust.Mediator.Common.Tests\Blocktrust.Mediator.Common.Tests.csproj", "{80E062FF-F7E4-41EB-8EF4-413A6B837E6F}"
EndProject
Project("{FAE04EC0-301F-11D3-BF4B-00C04F79EFBC}") = "Blocktrust.Mediator.Server", "..\blocktrust.Mediator\Blocktrust.Mediator.Server\Blocktrust.Mediator.Server.csproj", "{EE0136EB-026A-4A06-A9AD-24B950062617}"
EndProject
Project("{FAE04EC0-301F-11D3-BF4B-00C04F79EFBC}") = "Blocktrust.Mediator.Server.Tests", "..\blocktrust.Mediator\Blocktrust.Mediator.Server.Tests\Blocktrust.Mediator.Server.Tests.csproj", "{1A1A3ABB-0D83-476C-8627-237E36E90561}"
EndProject
Global
	GlobalSection(SolutionConfigurationPlatforms) = preSolution
		Debug|Any CPU = Debug|Any CPU
		Release|Any CPU = Release|Any CPU
	EndGlobalSection
	GlobalSection(ProjectConfigurationPlatforms) = postSolution
		{22157CB0-54F3-451F-9923-D8233CB3A19F}.Debug|Any CPU.ActiveCfg = Debug|Any CPU
		{22157CB0-54F3-451F-9923-D8233CB3A19F}.Debug|Any CPU.Build.0 = Debug|Any CPU
		{22157CB0-54F3-451F-9923-D8233CB3A19F}.Release|Any CPU.ActiveCfg = Release|Any CPU
		{22157CB0-54F3-451F-9923-D8233CB3A19F}.Release|Any CPU.Build.0 = Release|Any CPU
		{D8526C48-723C-42DF-8672-7FDAE58A9DF5}.Debug|Any CPU.ActiveCfg = Debug|Any CPU
		{D8526C48-723C-42DF-8672-7FDAE58A9DF5}.Debug|Any CPU.Build.0 = Debug|Any CPU
		{D8526C48-723C-42DF-8672-7FDAE58A9DF5}.Release|Any CPU.ActiveCfg = Release|Any CPU
		{D8526C48-723C-42DF-8672-7FDAE58A9DF5}.Release|Any CPU.Build.0 = Release|Any CPU
		{FC6EEAA1-4925-4DFF-A3BB-F1CAEE5179F0}.Debug|Any CPU.ActiveCfg = Debug|Any CPU
		{FC6EEAA1-4925-4DFF-A3BB-F1CAEE5179F0}.Debug|Any CPU.Build.0 = Debug|Any CPU
		{FC6EEAA1-4925-4DFF-A3BB-F1CAEE5179F0}.Release|Any CPU.ActiveCfg = Release|Any CPU
		{FC6EEAA1-4925-4DFF-A3BB-F1CAEE5179F0}.Release|Any CPU.Build.0 = Release|Any CPU
		{8E350144-04AA-4153-A6DE-92FAC7F356C9}.Debug|Any CPU.ActiveCfg = Debug|Any CPU
		{8E350144-04AA-4153-A6DE-92FAC7F356C9}.Debug|Any CPU.Build.0 = Debug|Any CPU
		{8E350144-04AA-4153-A6DE-92FAC7F356C9}.Release|Any CPU.ActiveCfg = Release|Any CPU
		{8E350144-04AA-4153-A6DE-92FAC7F356C9}.Release|Any CPU.Build.0 = Release|Any CPU
		{61A560F1-0048-4A02-87D0-E139A0E62C6F}.Debug|Any CPU.ActiveCfg = Debug|Any CPU
		{61A560F1-0048-4A02-87D0-E139A0E62C6F}.Debug|Any CPU.Build.0 = Debug|Any CPU
		{61A560F1-0048-4A02-87D0-E139A0E62C6F}.Release|Any CPU.ActiveCfg = Release|Any CPU
		{61A560F1-0048-4A02-87D0-E139A0E62C6F}.Release|Any CPU.Build.0 = Release|Any CPU
		{418B5317-E4DE-4842-9461-A9CE36BF7712}.Debug|Any CPU.ActiveCfg = Debug|Any CPU
		{418B5317-E4DE-4842-9461-A9CE36BF7712}.Debug|Any CPU.Build.0 = Debug|Any CPU
		{418B5317-E4DE-4842-9461-A9CE36BF7712}.Release|Any CPU.ActiveCfg = Release|Any CPU
		{418B5317-E4DE-4842-9461-A9CE36BF7712}.Release|Any CPU.Build.0 = Release|Any CPU
		{4F3A21E0-ACF3-4D17-AD21-7FC3AD41B362}.Debug|Any CPU.ActiveCfg = Debug|Any CPU
		{4F3A21E0-ACF3-4D17-AD21-7FC3AD41B362}.Debug|Any CPU.Build.0 = Debug|Any CPU
		{4F3A21E0-ACF3-4D17-AD21-7FC3AD41B362}.Release|Any CPU.ActiveCfg = Release|Any CPU
		{4F3A21E0-ACF3-4D17-AD21-7FC3AD41B362}.Release|Any CPU.Build.0 = Release|Any CPU
		{130CD149-5F6D-4592-90AF-9055B0590258}.Debug|Any CPU.ActiveCfg = Debug|Any CPU
		{130CD149-5F6D-4592-90AF-9055B0590258}.Debug|Any CPU.Build.0 = Debug|Any CPU
		{130CD149-5F6D-4592-90AF-9055B0590258}.Release|Any CPU.ActiveCfg = Release|Any CPU
		{130CD149-5F6D-4592-90AF-9055B0590258}.Release|Any CPU.Build.0 = Release|Any CPU
		{1C5961E4-F371-4E6F-AB41-A335EB99CD81}.Debug|Any CPU.ActiveCfg = Debug|Any CPU
		{1C5961E4-F371-4E6F-AB41-A335EB99CD81}.Debug|Any CPU.Build.0 = Debug|Any CPU
		{1C5961E4-F371-4E6F-AB41-A335EB99CD81}.Release|Any CPU.ActiveCfg = Release|Any CPU
		{1C5961E4-F371-4E6F-AB41-A335EB99CD81}.Release|Any CPU.Build.0 = Release|Any CPU
		{5838A7B5-5341-4E3E-8D3F-9B1C6DD5E798}.Debug|Any CPU.ActiveCfg = Debug|Any CPU
		{5838A7B5-5341-4E3E-8D3F-9B1C6DD5E798}.Debug|Any CPU.Build.0 = Debug|Any CPU
		{5838A7B5-5341-4E3E-8D3F-9B1C6DD5E798}.Release|Any CPU.ActiveCfg = Release|Any CPU
		{5838A7B5-5341-4E3E-8D3F-9B1C6DD5E798}.Release|Any CPU.Build.0 = Release|Any CPU
		{5EBE7418-F6A8-4D5A-B31B-480EB3485997}.Debug|Any CPU.ActiveCfg = Debug|Any CPU
		{5EBE7418-F6A8-4D5A-B31B-480EB3485997}.Debug|Any CPU.Build.0 = Debug|Any CPU
		{5EBE7418-F6A8-4D5A-B31B-480EB3485997}.Release|Any CPU.ActiveCfg = Release|Any CPU
		{5EBE7418-F6A8-4D5A-B31B-480EB3485997}.Release|Any CPU.Build.0 = Release|Any CPU
		{144CC0A7-8A6B-498C-B757-E3209C03FA8B}.Debug|Any CPU.ActiveCfg = Debug|Any CPU
		{144CC0A7-8A6B-498C-B757-E3209C03FA8B}.Debug|Any CPU.Build.0 = Debug|Any CPU
		{144CC0A7-8A6B-498C-B757-E3209C03FA8B}.Release|Any CPU.ActiveCfg = Release|Any CPU
		{144CC0A7-8A6B-498C-B757-E3209C03FA8B}.Release|Any CPU.Build.0 = Release|Any CPU
		{E2525527-178B-4BB4-959F-C5F7390DC581}.Debug|Any CPU.ActiveCfg = Debug|Any CPU
		{E2525527-178B-4BB4-959F-C5F7390DC581}.Debug|Any CPU.Build.0 = Debug|Any CPU
		{E2525527-178B-4BB4-959F-C5F7390DC581}.Release|Any CPU.ActiveCfg = Release|Any CPU
		{E2525527-178B-4BB4-959F-C5F7390DC581}.Release|Any CPU.Build.0 = Release|Any CPU
		{4C9A5065-AF78-4096-8757-3D0FF8F6A6DF}.Debug|Any CPU.ActiveCfg = Debug|Any CPU
		{4C9A5065-AF78-4096-8757-3D0FF8F6A6DF}.Debug|Any CPU.Build.0 = Debug|Any CPU
		{4C9A5065-AF78-4096-8757-3D0FF8F6A6DF}.Release|Any CPU.ActiveCfg = Release|Any CPU
		{4C9A5065-AF78-4096-8757-3D0FF8F6A6DF}.Release|Any CPU.Build.0 = Release|Any CPU
		{90AE6C32-C1CB-4B15-A40D-1FECFBD58743}.Debug|Any CPU.ActiveCfg = Debug|Any CPU
		{90AE6C32-C1CB-4B15-A40D-1FECFBD58743}.Debug|Any CPU.Build.0 = Debug|Any CPU
		{90AE6C32-C1CB-4B15-A40D-1FECFBD58743}.Release|Any CPU.ActiveCfg = Release|Any CPU
		{90AE6C32-C1CB-4B15-A40D-1FECFBD58743}.Release|Any CPU.Build.0 = Release|Any CPU
		{E1007A16-390D-418C-81BA-9AFCED84E76A}.Debug|Any CPU.ActiveCfg = Debug|Any CPU
		{E1007A16-390D-418C-81BA-9AFCED84E76A}.Debug|Any CPU.Build.0 = Debug|Any CPU
		{E1007A16-390D-418C-81BA-9AFCED84E76A}.Release|Any CPU.ActiveCfg = Release|Any CPU
		{E1007A16-390D-418C-81BA-9AFCED84E76A}.Release|Any CPU.Build.0 = Release|Any CPU
		{183882C9-7DDB-4A91-BAB2-465277A2BE59}.Debug|Any CPU.ActiveCfg = Debug|Any CPU
		{183882C9-7DDB-4A91-BAB2-465277A2BE59}.Debug|Any CPU.Build.0 = Debug|Any CPU
		{183882C9-7DDB-4A91-BAB2-465277A2BE59}.Release|Any CPU.ActiveCfg = Release|Any CPU
		{183882C9-7DDB-4A91-BAB2-465277A2BE59}.Release|Any CPU.Build.0 = Release|Any CPU
		{C08FDBC0-BE17-4E9A-BECE-69CD824BE38E}.Debug|Any CPU.ActiveCfg = Debug|Any CPU
		{C08FDBC0-BE17-4E9A-BECE-69CD824BE38E}.Debug|Any CPU.Build.0 = Debug|Any CPU
		{C08FDBC0-BE17-4E9A-BECE-69CD824BE38E}.Release|Any CPU.ActiveCfg = Release|Any CPU
		{C08FDBC0-BE17-4E9A-BECE-69CD824BE38E}.Release|Any CPU.Build.0 = Release|Any CPU
		{AC9D3EBC-3C66-4B28-910B-BBE875CAC9B0}.Debug|Any CPU.ActiveCfg = Debug|Any CPU
		{AC9D3EBC-3C66-4B28-910B-BBE875CAC9B0}.Debug|Any CPU.Build.0 = Debug|Any CPU
		{AC9D3EBC-3C66-4B28-910B-BBE875CAC9B0}.Release|Any CPU.ActiveCfg = Release|Any CPU
		{AC9D3EBC-3C66-4B28-910B-BBE875CAC9B0}.Release|Any CPU.Build.0 = Release|Any CPU
		{9F83D1BC-278B-4ECD-B68E-E333E56001B4}.Debug|Any CPU.ActiveCfg = Debug|Any CPU
		{9F83D1BC-278B-4ECD-B68E-E333E56001B4}.Debug|Any CPU.Build.0 = Debug|Any CPU
		{9F83D1BC-278B-4ECD-B68E-E333E56001B4}.Release|Any CPU.ActiveCfg = Release|Any CPU
		{9F83D1BC-278B-4ECD-B68E-E333E56001B4}.Release|Any CPU.Build.0 = Release|Any CPU
		{71F015F0-D1C3-403D-8343-D6BC4392BF45}.Debug|Any CPU.ActiveCfg = Debug|Any CPU
		{71F015F0-D1C3-403D-8343-D6BC4392BF45}.Debug|Any CPU.Build.0 = Debug|Any CPU
		{71F015F0-D1C3-403D-8343-D6BC4392BF45}.Release|Any CPU.ActiveCfg = Release|Any CPU
		{71F015F0-D1C3-403D-8343-D6BC4392BF45}.Release|Any CPU.Build.0 = Release|Any CPU
		{F1322778-6BF9-45C7-9897-7D01802D35DB}.Debug|Any CPU.ActiveCfg = Debug|Any CPU
		{F1322778-6BF9-45C7-9897-7D01802D35DB}.Debug|Any CPU.Build.0 = Debug|Any CPU
		{F1322778-6BF9-45C7-9897-7D01802D35DB}.Release|Any CPU.ActiveCfg = Release|Any CPU
		{F1322778-6BF9-45C7-9897-7D01802D35DB}.Release|Any CPU.Build.0 = Release|Any CPU
		{013DF699-64DB-432E-B463-ED95362E4E0E}.Debug|Any CPU.ActiveCfg = Debug|Any CPU
		{013DF699-64DB-432E-B463-ED95362E4E0E}.Debug|Any CPU.Build.0 = Debug|Any CPU
		{013DF699-64DB-432E-B463-ED95362E4E0E}.Release|Any CPU.ActiveCfg = Release|Any CPU
		{013DF699-64DB-432E-B463-ED95362E4E0E}.Release|Any CPU.Build.0 = Release|Any CPU
		{708624B1-8E8B-42B9-9D1D-876D1ED3C109}.Debug|Any CPU.ActiveCfg = Debug|Any CPU
		{708624B1-8E8B-42B9-9D1D-876D1ED3C109}.Debug|Any CPU.Build.0 = Debug|Any CPU
		{708624B1-8E8B-42B9-9D1D-876D1ED3C109}.Release|Any CPU.ActiveCfg = Release|Any CPU
		{708624B1-8E8B-42B9-9D1D-876D1ED3C109}.Release|Any CPU.Build.0 = Release|Any CPU
		{80E062FF-F7E4-41EB-8EF4-413A6B837E6F}.Debug|Any CPU.ActiveCfg = Debug|Any CPU
		{80E062FF-F7E4-41EB-8EF4-413A6B837E6F}.Debug|Any CPU.Build.0 = Debug|Any CPU
		{80E062FF-F7E4-41EB-8EF4-413A6B837E6F}.Release|Any CPU.ActiveCfg = Release|Any CPU
		{80E062FF-F7E4-41EB-8EF4-413A6B837E6F}.Release|Any CPU.Build.0 = Release|Any CPU
		{EE0136EB-026A-4A06-A9AD-24B950062617}.Debug|Any CPU.ActiveCfg = Debug|Any CPU
		{EE0136EB-026A-4A06-A9AD-24B950062617}.Debug|Any CPU.Build.0 = Debug|Any CPU
		{EE0136EB-026A-4A06-A9AD-24B950062617}.Release|Any CPU.ActiveCfg = Release|Any CPU
		{EE0136EB-026A-4A06-A9AD-24B950062617}.Release|Any CPU.Build.0 = Release|Any CPU
		{1A1A3ABB-0D83-476C-8627-237E36E90561}.Debug|Any CPU.ActiveCfg = Debug|Any CPU
		{1A1A3ABB-0D83-476C-8627-237E36E90561}.Debug|Any CPU.Build.0 = Debug|Any CPU
		{1A1A3ABB-0D83-476C-8627-237E36E90561}.Release|Any CPU.ActiveCfg = Release|Any CPU
		{1A1A3ABB-0D83-476C-8627-237E36E90561}.Release|Any CPU.Build.0 = Release|Any CPU
	EndGlobalSection
	GlobalSection(NestedProjects) = preSolution
		{FC6EEAA1-4925-4DFF-A3BB-F1CAEE5179F0} = {3DDBE0A1-37FA-490A-9FA8-25D3A994BD47}
		{418B5317-E4DE-4842-9461-A9CE36BF7712} = {3DDBE0A1-37FA-490A-9FA8-25D3A994BD47}
		{1C5961E4-F371-4E6F-AB41-A335EB99CD81} = {3DDBE0A1-37FA-490A-9FA8-25D3A994BD47}
		{5EBE7418-F6A8-4D5A-B31B-480EB3485997} = {3DDBE0A1-37FA-490A-9FA8-25D3A994BD47}
		{4C9A5065-AF78-4096-8757-3D0FF8F6A6DF} = {3DDBE0A1-37FA-490A-9FA8-25D3A994BD47}
		{90AE6C32-C1CB-4B15-A40D-1FECFBD58743} = {3DDBE0A1-37FA-490A-9FA8-25D3A994BD47}
		{183882C9-7DDB-4A91-BAB2-465277A2BE59} = {3DDBE0A1-37FA-490A-9FA8-25D3A994BD47}
		{1A1A3ABB-0D83-476C-8627-237E36E90561} = {3DDBE0A1-37FA-490A-9FA8-25D3A994BD47}
		{80E062FF-F7E4-41EB-8EF4-413A6B837E6F} = {3DDBE0A1-37FA-490A-9FA8-25D3A994BD47}
		{013DF699-64DB-432E-B463-ED95362E4E0E} = {3DDBE0A1-37FA-490A-9FA8-25D3A994BD47}
		{F1322778-6BF9-45C7-9897-7D01802D35DB} = {3DDBE0A1-37FA-490A-9FA8-25D3A994BD47}
		{71F015F0-D1C3-403D-8343-D6BC4392BF45} = {3DDBE0A1-37FA-490A-9FA8-25D3A994BD47}
		{9F83D1BC-278B-4ECD-B68E-E333E56001B4} = {3DDBE0A1-37FA-490A-9FA8-25D3A994BD47}
	EndGlobalSection
EndGlobal
